
Microsoft Visual Studio Solution File, Format Version 12.00
# Visual Studio Version 16
VisualStudioVersion = 16.0.30517.126
MinimumVisualStudioVersion = 10.0.40219.1
Project("{8BC9CEB8-8B4A-11D0-8D11-00A0C91BC942}") = "Hoursinaday", "Hoursinaday\Hoursinaday.vcxproj", "{5F416345-8D61-4F3F-B9DC-703114479AA0}"
EndProject
Global
	GlobalSection(SolutionConfigurationPlatforms) = preSolution
		Debug|x64 = Debug|x64
		Debug|x86 = Debug|x86
		Release|x64 = Release|x64
		Release|x86 = Release|x86
	EndGlobalSection
	GlobalSection(ProjectConfigurationPlatforms) = postSolution
		{5F416345-8D61-4F3F-B9DC-703114479AA0}.Debug|x64.ActiveCfg = Debug|x64
		{5F416345-8D61-4F3F-B9DC-703114479AA0}.Debug|x64.Build.0 = Debug|x64
		{5F416345-8D61-4F3F-B9DC-703114479AA0}.Debug|x86.ActiveCfg = Debug|Win32
		{5F416345-8D61-4F3F-B9DC-703114479AA0}.Debug|x86.Build.0 = Debug|Win32
		{5F416345-8D61-4F3F-B9DC-703114479AA0}.Release|x64.ActiveCfg = Release|x64
		{5F416345-8D61-4F3F-B9DC-703114479AA0}.Release|x64.Build.0 = Release|x64
		{5F416345-8D61-4F3F-B9DC-703114479AA0}.Release|x86.ActiveCfg = Release|Win32
		{5F416345-8D61-4F3F-B9DC-703114479AA0}.Release|x86.Build.0 = Release|Win32
	EndGlobalSection
	GlobalSection(SolutionProperties) = preSolution
		HideSolutionNode = FALSE
	EndGlobalSection
	GlobalSection(ExtensibilityGlobals) = postSolution
		SolutionGuid = {C4C94298-6911-4E36-8E90-D1962A48F7CE}
	EndGlobalSection
EndGlobal
